
Microsoft Visual Studio Solution File, Format Version 12.00
Project("{FAE04EC0-301F-11D3-BF4B-00C04F79EFBC}") = "three-tier-architecture-app", "three-tier-architecture-app\three-tier-architecture-app.csproj", "{03FA1563-94E0-43A1-A8F5-751561A8E9BD}"
EndProject
Project("{FAE04EC0-301F-11D3-BF4B-00C04F79EFBC}") = "three-tier-architecture-app.DAL", "three-tier-architecture-app.DAL\three-tier-architecture-app.DAL.csproj", "{365AA2F0-18E5-42C0-A039-10042DFE659E}"
EndProject
Project("{FAE04EC0-301F-11D3-BF4B-00C04F79EFBC}") = "three-tier-architecture-app.BLL", "three-tier-architecture-app.BLL\three-tier-architecture-app.BLL.csproj", "{864C3DBA-D04C-4A3B-B6EA-8B46FAE8B41E}"
EndProject
Global
	GlobalSection(SolutionConfigurationPlatforms) = preSolution
		Debug|Any CPU = Debug|Any CPU
		Release|Any CPU = Release|Any CPU
	EndGlobalSection
	GlobalSection(ProjectConfigurationPlatforms) = postSolution
		{03FA1563-94E0-43A1-A8F5-751561A8E9BD}.Debug|Any CPU.ActiveCfg = Debug|Any CPU
		{03FA1563-94E0-43A1-A8F5-751561A8E9BD}.Debug|Any CPU.Build.0 = Debug|Any CPU
		{03FA1563-94E0-43A1-A8F5-751561A8E9BD}.Release|Any CPU.ActiveCfg = Release|Any CPU
		{03FA1563-94E0-43A1-A8F5-751561A8E9BD}.Release|Any CPU.Build.0 = Release|Any CPU
		{365AA2F0-18E5-42C0-A039-10042DFE659E}.Debug|Any CPU.ActiveCfg = Debug|Any CPU
		{365AA2F0-18E5-42C0-A039-10042DFE659E}.Debug|Any CPU.Build.0 = Debug|Any CPU
		{365AA2F0-18E5-42C0-A039-10042DFE659E}.Release|Any CPU.ActiveCfg = Release|Any CPU
		{365AA2F0-18E5-42C0-A039-10042DFE659E}.Release|Any CPU.Build.0 = Release|Any CPU
		{864C3DBA-D04C-4A3B-B6EA-8B46FAE8B41E}.Debug|Any CPU.ActiveCfg = Debug|Any CPU
		{864C3DBA-D04C-4A3B-B6EA-8B46FAE8B41E}.Debug|Any CPU.Build.0 = Debug|Any CPU
		{864C3DBA-D04C-4A3B-B6EA-8B46FAE8B41E}.Release|Any CPU.ActiveCfg = Release|Any CPU
		{864C3DBA-D04C-4A3B-B6EA-8B46FAE8B41E}.Release|Any CPU.Build.0 = Release|Any CPU
	EndGlobalSection
EndGlobal
